
Microsoft Visual Studio Solution File, Format Version 12.00
# Visual Studio Version 16
VisualStudioVersion = 16.0.30517.126
MinimumVisualStudioVersion = 10.0.40219.1
Project("{FAE04EC0-301F-11D3-BF4B-00C04F79EFBC}") = "GET OUT", "GET OUT\GET OUT.csproj", "{61FC3124-67D9-44D1-871D-10AC72CC8AD2}"
EndProject
Global
	GlobalSection(SolutionConfigurationPlatforms) = preSolution
		Debug|Any CPU = Debug|Any CPU
		Release|Any CPU = Release|Any CPU
	EndGlobalSection
	GlobalSection(ProjectConfigurationPlatforms) = postSolution
		{61FC3124-67D9-44D1-871D-10AC72CC8AD2}.Debug|Any CPU.ActiveCfg = Debug|Any CPU
		{61FC3124-67D9-44D1-871D-10AC72CC8AD2}.Debug|Any CPU.Build.0 = Debug|Any CPU
		{61FC3124-67D9-44D1-871D-10AC72CC8AD2}.Release|Any CPU.ActiveCfg = Release|Any CPU
		{61FC3124-67D9-44D1-871D-10AC72CC8AD2}.Release|Any CPU.Build.0 = Release|Any CPU
	EndGlobalSection
	GlobalSection(SolutionProperties) = preSolution
		HideSolutionNode = FALSE
	EndGlobalSection
	GlobalSection(ExtensibilityGlobals) = postSolution
		SolutionGuid = {EDAB5A25-1FC0-4489-98F8-740822D9A9ED}
	EndGlobalSection
EndGlobal
